// !$*UTF8*$!
{
	archiveVersion = 1;
	classes = {
	};
	objectVersion = 46;
	objects = {

/* Begin PBXBuildFile section */
		3EE139BF6B2044ECB29089C5 /* Pods_fespayUITests.framework in Frameworks */ = {isa = PBXBuildFile; fileRef = 577101B95512F18AAEBF6E13 /* Pods_fespayUITests.framework */; };
		4500B3DC1ED80CC3001F8493 /* FaceCaptureViewController.swift in Sources */ = {isa = PBXBuildFile; fileRef = 4500B3DB1ED80CC3001F8493 /* FaceCaptureViewController.swift */; };
		4500B3DE1EDBE868001F8493 /* FaceConfirmViewController.swift in Sources */ = {isa = PBXBuildFile; fileRef = 4500B3DD1EDBE868001F8493 /* FaceConfirmViewController.swift */; };
		4505F2411EE688230078605B /* TenantInfo.swift in Sources */ = {isa = PBXBuildFile; fileRef = 4505F2401EE688230078605B /* TenantInfo.swift */; };
		4505F2431EE7A1DF0078605B /* S3Client.swift in Sources */ = {isa = PBXBuildFile; fileRef = 4505F2421EE7A1DF0078605B /* S3Client.swift */; };
		4535C4441EB47E64000C72D6 /* PayInfoTableViewCell.swift in Sources */ = {isa = PBXBuildFile; fileRef = 4535C4431EB47E64000C72D6 /* PayInfoTableViewCell.swift */; };
		4535C4481EB482B8000C72D6 /* PayInfo.swift in Sources */ = {isa = PBXBuildFile; fileRef = 4535C4471EB482B8000C72D6 /* PayInfo.swift */; };
		4541625E1EB98B7900DD0F7B /* QRCaptureViewController.swift in Sources */ = {isa = PBXBuildFile; fileRef = 4541625D1EB98B7900DD0F7B /* QRCaptureViewController.swift */; };
		454815971EDC182900A453E4 /* CompleteViewController.swift in Sources */ = {isa = PBXBuildFile; fileRef = 454815961EDC182800A453E4 /* CompleteViewController.swift */; };
		4549EB1C1EEA83CB00C38694 /* AnalyticsViewController.swift in Sources */ = {isa = PBXBuildFile; fileRef = 4549EB1B1EEA83CB00C38694 /* AnalyticsViewController.swift */; };
		455E32AC1EEE64B7009AC2D3 /* PayDetailViewController.swift in Sources */ = {isa = PBXBuildFile; fileRef = 455E32AB1EEE64B7009AC2D3 /* PayDetailViewController.swift */; };
		455E32AE1EEE9915009AC2D3 /* SettingsViewController.swift in Sources */ = {isa = PBXBuildFile; fileRef = 455E32AD1EEE9914009AC2D3 /* SettingsViewController.swift */; };
		455E32DE1EEFAB3C009AC2D3 /* MainTabBarController.swift in Sources */ = {isa = PBXBuildFile; fileRef = 455E32DD1EEFAB3C009AC2D3 /* MainTabBarController.swift */; };
		456467311EE7C5D6001DC574 /* AzureClient.swift in Sources */ = {isa = PBXBuildFile; fileRef = 456467301EE7C5D6001DC574 /* AzureClient.swift */; };
		456467331EE7DED8001DC574 /* FirebaseClient.swift in Sources */ = {isa = PBXBuildFile; fileRef = 456467321EE7DED8001DC574 /* FirebaseClient.swift */; };
		456467351EE92137001DC574 /* LoginViewController.swift in Sources */ = {isa = PBXBuildFile; fileRef = 456467341EE92137001DC574 /* LoginViewController.swift */; };
		456467371EE94E70001DC574 /* PayListViewController.swift in Sources */ = {isa = PBXBuildFile; fileRef = 456467361EE94E70001DC574 /* PayListViewController.swift */; };
		456CDF271EDEA1AB00A01485 /* GoogleService-Info.plist in Resources */ = {isa = PBXBuildFile; fileRef = 456CDF261EDEA1AB00A01485 /* GoogleService-Info.plist */; };
		456CDF281EDEA1AB00A01485 /* GoogleService-Info.plist in Resources */ = {isa = PBXBuildFile; fileRef = 456CDF261EDEA1AB00A01485 /* GoogleService-Info.plist */; };
		456CDF291EDEA1AB00A01485 /* GoogleService-Info.plist in Resources */ = {isa = PBXBuildFile; fileRef = 456CDF261EDEA1AB00A01485 /* GoogleService-Info.plist */; };
		458861CB1EAB240600FF88C6 /* AppDelegate.swift in Sources */ = {isa = PBXBuildFile; fileRef = 458861CA1EAB240600FF88C6 /* AppDelegate.swift */; };
		458861CD1EAB240600FF88C6 /* NewPayInfoViewController.swift in Sources */ = {isa = PBXBuildFile; fileRef = 458861CC1EAB240600FF88C6 /* NewPayInfoViewController.swift */; };
		458861D01EAB240600FF88C6 /* Main.storyboard in Resources */ = {isa = PBXBuildFile; fileRef = 458861CE1EAB240600FF88C6 /* Main.storyboard */; };
		458861D21EAB240600FF88C6 /* Assets.xcassets in Resources */ = {isa = PBXBuildFile; fileRef = 458861D11EAB240600FF88C6 /* Assets.xcassets */; };
		458861D51EAB240600FF88C6 /* LaunchScreen.storyboard in Resources */ = {isa = PBXBuildFile; fileRef = 458861D31EAB240600FF88C6 /* LaunchScreen.storyboard */; };
		458861E01EAB240700FF88C6 /* fespayTests.swift in Sources */ = {isa = PBXBuildFile; fileRef = 458861DF1EAB240700FF88C6 /* fespayTests.swift */; };
		458861EB1EAB240700FF88C6 /* fespayUITests.swift in Sources */ = {isa = PBXBuildFile; fileRef = 458861EA1EAB240700FF88C6 /* fespayUITests.swift */; };
		45D4D24A3D70C8FF03F359B7 /* Pods_fespayTests.framework in Frameworks */ = {isa = PBXBuildFile; fileRef = 1BCA1D3D59CFA05623DA0AD6 /* Pods_fespayTests.framework */; };
		79101F631F54234500F14C99 /* LoadingProxy.swift in Sources */ = {isa = PBXBuildFile; fileRef = 79101F621F54234500F14C99 /* LoadingProxy.swift */; };
		79101F671F5A5F7700F14C99 /* GoogleService-Info-Release.plist in Resources */ = {isa = PBXBuildFile; fileRef = 79101F661F5A5F7700F14C99 /* GoogleService-Info-Release.plist */; };
		79101F691F5C459E00F14C99 /* env.plist in Resources */ = {isa = PBXBuildFile; fileRef = 79101F681F5C459E00F14C99 /* env.plist */; };
		79101F6B1F5C460D00F14C99 /* env-Release.plist in Resources */ = {isa = PBXBuildFile; fileRef = 79101F6A1F5C460D00F14C99 /* env-Release.plist */; };
		7976D3701F205AF80002B877 /* OmiseClient.swift in Sources */ = {isa = PBXBuildFile; fileRef = 7976D36F1F205AF80002B877 /* OmiseClient.swift */; };
		79B8FE2A1EF8208000E6122B /* Localizable.strings in Resources */ = {isa = PBXBuildFile; fileRef = 79B8FE2C1EF8208000E6122B /* Localizable.strings */; };
		79C10A4E1EF92D03002572D7 /* PayListView.strings in Resources */ = {isa = PBXBuildFile; fileRef = 79C10A501EF92D03002572D7 /* PayListView.strings */; };
		79C10A541EF92F21002572D7 /* AnalyticsView.strings in Resources */ = {isa = PBXBuildFile; fileRef = 79C10A561EF92F21002572D7 /* AnalyticsView.strings */; };
		79C10A5A1EF93115002572D7 /* PayDetailView.strings in Resources */ = {isa = PBXBuildFile; fileRef = 79C10A5C1EF93115002572D7 /* PayDetailView.strings */; };
		79C10A601EF9331B002572D7 /* NewPayInfoView.strings in Resources */ = {isa = PBXBuildFile; fileRef = 79C10A621EF9331B002572D7 /* NewPayInfoView.strings */; };
		79C10A661EF93644002572D7 /* SettingsView.strings in Resources */ = {isa = PBXBuildFile; fileRef = 79C10A681EF93644002572D7 /* SettingsView.strings */; };
		79C10A6C1EF93B09002572D7 /* QRCaptureView.strings in Resources */ = {isa = PBXBuildFile; fileRef = 79C10A6E1EF93B09002572D7 /* QRCaptureView.strings */; };
		79C10A721EF93C02002572D7 /* FaceCaptureView.strings in Resources */ = {isa = PBXBuildFile; fileRef = 79C10A741EF93C02002572D7 /* FaceCaptureView.strings */; };
		79C10A781EF93DAA002572D7 /* FaceConfirmView.strings in Resources */ = {isa = PBXBuildFile; fileRef = 79C10A7A1EF93DAA002572D7 /* FaceConfirmView.strings */; };
		79C10A7E1EF93F69002572D7 /* CompleteView.strings in Resources */ = {isa = PBXBuildFile; fileRef = 79C10A801EF93F69002572D7 /* CompleteView.strings */; };
		79C2084A1F6678B700F18693 /* TermsView.strings in Resources */ = {isa = PBXBuildFile; fileRef = 79C2084C1F6678B700F18693 /* TermsView.strings */; };
		79D27DA61EF82F8F007B13B9 /* LoginView.strings in Resources */ = {isa = PBXBuildFile; fileRef = 79D27DA81EF82F8F007B13B9 /* LoginView.strings */; };
		79D27DAB1EF830AD007B13B9 /* I18n.swift in Sources */ = {isa = PBXBuildFile; fileRef = 79D27DAA1EF830AD007B13B9 /* I18n.swift */; };
		79D2F8031F6658B700C07C54 /* TermsViewController.swift in Sources */ = {isa = PBXBuildFile; fileRef = 79D2F8021F6658B700C07C54 /* TermsViewController.swift */; };
		79D2F8051F666CF800C07C54 /* terms_of_use.html in Resources */ = {isa = PBXBuildFile; fileRef = 79D2F8041F666CF800C07C54 /* terms_of_use.html */; };
		79E0DDF91F2F3DA300048C74 /* StripeClient.swift in Sources */ = {isa = PBXBuildFile; fileRef = 79E0DDF81F2F3DA300048C74 /* StripeClient.swift */; };
		9B13BEF2BA670F3EC68C38CB /* Pods_fespay.framework in Frameworks */ = {isa = PBXBuildFile; fileRef = 4F69931FBB206E916A638757 /* Pods_fespay.framework */; };
/* End PBXBuildFile section */

/* Begin PBXContainerItemProxy section */
		458861DC1EAB240700FF88C6 /* PBXContainerItemProxy */ = {
			isa = PBXContainerItemProxy;
			containerPortal = 458861BF1EAB240600FF88C6 /* Project object */;
			proxyType = 1;
			remoteGlobalIDString = 458861C61EAB240600FF88C6;
			remoteInfo = fespay;
		};
		458861E71EAB240700FF88C6 /* PBXContainerItemProxy */ = {
			isa = PBXContainerItemProxy;
			containerPortal = 458861BF1EAB240600FF88C6 /* Project object */;
			proxyType = 1;
			remoteGlobalIDString = 458861C61EAB240600FF88C6;
			remoteInfo = fespay;
		};
/* End PBXContainerItemProxy section */

/* Begin PBXFileReference section */
		1BCA1D3D59CFA05623DA0AD6 /* Pods_fespayTests.framework */ = {isa = PBXFileReference; explicitFileType = wrapper.framework; includeInIndex = 0; path = Pods_fespayTests.framework; sourceTree = BUILT_PRODUCTS_DIR; };
		4500B3DB1ED80CC3001F8493 /* FaceCaptureViewController.swift */ = {isa = PBXFileReference; fileEncoding = 4; lastKnownFileType = sourcecode.swift; path = FaceCaptureViewController.swift; sourceTree = "<group>"; };
		4500B3DD1EDBE868001F8493 /* FaceConfirmViewController.swift */ = {isa = PBXFileReference; fileEncoding = 4; lastKnownFileType = sourcecode.swift; path = FaceConfirmViewController.swift; sourceTree = "<group>"; };
		4505F2401EE688230078605B /* TenantInfo.swift */ = {isa = PBXFileReference; fileEncoding = 4; lastKnownFileType = sourcecode.swift; path = TenantInfo.swift; sourceTree = "<group>"; };
		4505F2421EE7A1DF0078605B /* S3Client.swift */ = {isa = PBXFileReference; fileEncoding = 4; lastKnownFileType = sourcecode.swift; path = S3Client.swift; sourceTree = "<group>"; };
		4535C4431EB47E64000C72D6 /* PayInfoTableViewCell.swift */ = {isa = PBXFileReference; fileEncoding = 4; lastKnownFileType = sourcecode.swift; path = PayInfoTableViewCell.swift; sourceTree = "<group>"; };
		4535C4471EB482B8000C72D6 /* PayInfo.swift */ = {isa = PBXFileReference; fileEncoding = 4; lastKnownFileType = sourcecode.swift; path = PayInfo.swift; sourceTree = "<group>"; };
		4541625D1EB98B7900DD0F7B /* QRCaptureViewController.swift */ = {isa = PBXFileReference; fileEncoding = 4; lastKnownFileType = sourcecode.swift; path = QRCaptureViewController.swift; sourceTree = "<group>"; };
		454815961EDC182800A453E4 /* CompleteViewController.swift */ = {isa = PBXFileReference; fileEncoding = 4; lastKnownFileType = sourcecode.swift; path = CompleteViewController.swift; sourceTree = "<group>"; };
		4549EB1B1EEA83CB00C38694 /* AnalyticsViewController.swift */ = {isa = PBXFileReference; fileEncoding = 4; lastKnownFileType = sourcecode.swift; path = AnalyticsViewController.swift; sourceTree = "<group>"; };
		455E32AB1EEE64B7009AC2D3 /* PayDetailViewController.swift */ = {isa = PBXFileReference; fileEncoding = 4; lastKnownFileType = sourcecode.swift; path = PayDetailViewController.swift; sourceTree = "<group>"; };
		455E32AD1EEE9914009AC2D3 /* SettingsViewController.swift */ = {isa = PBXFileReference; fileEncoding = 4; lastKnownFileType = sourcecode.swift; path = SettingsViewController.swift; sourceTree = "<group>"; };
		455E32DD1EEFAB3C009AC2D3 /* MainTabBarController.swift */ = {isa = PBXFileReference; fileEncoding = 4; lastKnownFileType = sourcecode.swift; path = MainTabBarController.swift; sourceTree = "<group>"; };
		456467301EE7C5D6001DC574 /* AzureClient.swift */ = {isa = PBXFileReference; fileEncoding = 4; lastKnownFileType = sourcecode.swift; path = AzureClient.swift; sourceTree = "<group>"; };
		456467321EE7DED8001DC574 /* FirebaseClient.swift */ = {isa = PBXFileReference; fileEncoding = 4; lastKnownFileType = sourcecode.swift; path = FirebaseClient.swift; sourceTree = "<group>"; };
		456467341EE92137001DC574 /* LoginViewController.swift */ = {isa = PBXFileReference; fileEncoding = 4; lastKnownFileType = sourcecode.swift; path = LoginViewController.swift; sourceTree = "<group>"; };
		456467361EE94E70001DC574 /* PayListViewController.swift */ = {isa = PBXFileReference; fileEncoding = 4; lastKnownFileType = sourcecode.swift; path = PayListViewController.swift; sourceTree = "<group>"; };
		456CDF261EDEA1AB00A01485 /* GoogleService-Info.plist */ = {isa = PBXFileReference; fileEncoding = 4; lastKnownFileType = text.plist.xml; path = "GoogleService-Info.plist"; sourceTree = "<group>"; };
		458861C71EAB240600FF88C6 /* FesPay.app */ = {isa = PBXFileReference; explicitFileType = wrapper.application; includeInIndex = 0; path = FesPay.app; sourceTree = BUILT_PRODUCTS_DIR; };
		458861CA1EAB240600FF88C6 /* AppDelegate.swift */ = {isa = PBXFileReference; lastKnownFileType = sourcecode.swift; path = AppDelegate.swift; sourceTree = "<group>"; };
		458861CC1EAB240600FF88C6 /* NewPayInfoViewController.swift */ = {isa = PBXFileReference; lastKnownFileType = sourcecode.swift; path = NewPayInfoViewController.swift; sourceTree = "<group>"; };
		458861CF1EAB240600FF88C6 /* Base */ = {isa = PBXFileReference; lastKnownFileType = file.storyboard; name = Base; path = Base.lproj/Main.storyboard; sourceTree = "<group>"; };
		458861D11EAB240600FF88C6 /* Assets.xcassets */ = {isa = PBXFileReference; lastKnownFileType = folder.assetcatalog; path = Assets.xcassets; sourceTree = "<group>"; };
		458861D41EAB240600FF88C6 /* Base */ = {isa = PBXFileReference; lastKnownFileType = file.storyboard; name = Base; path = Base.lproj/LaunchScreen.storyboard; sourceTree = "<group>"; };
		458861D61EAB240600FF88C6 /* Info.plist */ = {isa = PBXFileReference; lastKnownFileType = text.plist.xml; path = Info.plist; sourceTree = "<group>"; };
		458861DB1EAB240700FF88C6 /* fespayTests.xctest */ = {isa = PBXFileReference; explicitFileType = wrapper.cfbundle; includeInIndex = 0; path = fespayTests.xctest; sourceTree = BUILT_PRODUCTS_DIR; };
		458861DF1EAB240700FF88C6 /* fespayTests.swift */ = {isa = PBXFileReference; lastKnownFileType = sourcecode.swift; path = fespayTests.swift; sourceTree = "<group>"; };
		458861E11EAB240700FF88C6 /* Info.plist */ = {isa = PBXFileReference; lastKnownFileType = text.plist.xml; path = Info.plist; sourceTree = "<group>"; };
		458861E61EAB240700FF88C6 /* fespayUITests.xctest */ = {isa = PBXFileReference; explicitFileType = wrapper.cfbundle; includeInIndex = 0; path = fespayUITests.xctest; sourceTree = BUILT_PRODUCTS_DIR; };
		458861EA1EAB240700FF88C6 /* fespayUITests.swift */ = {isa = PBXFileReference; lastKnownFileType = sourcecode.swift; path = fespayUITests.swift; sourceTree = "<group>"; };
		458861EC1EAB240700FF88C6 /* Info.plist */ = {isa = PBXFileReference; lastKnownFileType = text.plist.xml; path = Info.plist; sourceTree = "<group>"; };
		4990684102F33833A6DA7470 /* Pods-fespay.release.xcconfig */ = {isa = PBXFileReference; includeInIndex = 1; lastKnownFileType = text.xcconfig; name = "Pods-fespay.release.xcconfig"; path = "Pods/Target Support Files/Pods-fespay/Pods-fespay.release.xcconfig"; sourceTree = "<group>"; };
		4F69931FBB206E916A638757 /* Pods_fespay.framework */ = {isa = PBXFileReference; explicitFileType = wrapper.framework; includeInIndex = 0; path = Pods_fespay.framework; sourceTree = BUILT_PRODUCTS_DIR; };
		577101B95512F18AAEBF6E13 /* Pods_fespayUITests.framework */ = {isa = PBXFileReference; explicitFileType = wrapper.framework; includeInIndex = 0; path = Pods_fespayUITests.framework; sourceTree = BUILT_PRODUCTS_DIR; };
		6F6ABFCAB042029622833323 /* Pods-fespayUITests.release.xcconfig */ = {isa = PBXFileReference; includeInIndex = 1; lastKnownFileType = text.xcconfig; name = "Pods-fespayUITests.release.xcconfig"; path = "Pods/Target Support Files/Pods-fespayUITests/Pods-fespayUITests.release.xcconfig"; sourceTree = "<group>"; };
		79101F621F54234500F14C99 /* LoadingProxy.swift */ = {isa = PBXFileReference; fileEncoding = 4; lastKnownFileType = sourcecode.swift; path = LoadingProxy.swift; sourceTree = "<group>"; };
		79101F661F5A5F7700F14C99 /* GoogleService-Info-Release.plist */ = {isa = PBXFileReference; fileEncoding = 4; lastKnownFileType = text.plist.xml; path = "GoogleService-Info-Release.plist"; sourceTree = "<group>"; };
		79101F681F5C459E00F14C99 /* env.plist */ = {isa = PBXFileReference; fileEncoding = 4; lastKnownFileType = text.plist.xml; path = env.plist; sourceTree = "<group>"; };
		79101F6A1F5C460D00F14C99 /* env-Release.plist */ = {isa = PBXFileReference; fileEncoding = 4; lastKnownFileType = text.plist.xml; path = "env-Release.plist"; sourceTree = "<group>"; };
		7976D36F1F205AF80002B877 /* OmiseClient.swift */ = {isa = PBXFileReference; fileEncoding = 4; lastKnownFileType = sourcecode.swift; path = OmiseClient.swift; sourceTree = "<group>"; };
		79B8FE2B1EF8208000E6122B /* Base */ = {isa = PBXFileReference; lastKnownFileType = text.plist.strings; name = Base; path = Base.lproj/Localizable.strings; sourceTree = "<group>"; };
		79B8FE2D1EF8209D00E6122B /* ja */ = {isa = PBXFileReference; lastKnownFileType = text.plist.strings; name = ja; path = ja.lproj/Localizable.strings; sourceTree = "<group>"; };
		79C10A4F1EF92D03002572D7 /* Base */ = {isa = PBXFileReference; lastKnownFileType = text.plist.strings; name = Base; path = Base.lproj/PayListView.strings; sourceTree = "<group>"; };
		79C10A511EF92D07002572D7 /* ja */ = {isa = PBXFileReference; lastKnownFileType = text.plist.strings; name = ja; path = ja.lproj/PayListView.strings; sourceTree = "<group>"; };
		79C10A551EF92F21002572D7 /* Base */ = {isa = PBXFileReference; lastKnownFileType = text.plist.strings; name = Base; path = Base.lproj/AnalyticsView.strings; sourceTree = "<group>"; };
		79C10A571EF92F23002572D7 /* ja */ = {isa = PBXFileReference; lastKnownFileType = text.plist.strings; name = ja; path = ja.lproj/AnalyticsView.strings; sourceTree = "<group>"; };
		79C10A5B1EF93115002572D7 /* Base */ = {isa = PBXFileReference; lastKnownFileType = text.plist.strings; name = Base; path = Base.lproj/PayDetailView.strings; sourceTree = "<group>"; };
		79C10A5D1EF93117002572D7 /* ja */ = {isa = PBXFileReference; lastKnownFileType = text.plist.strings; name = ja; path = ja.lproj/PayDetailView.strings; sourceTree = "<group>"; };
		79C10A611EF9331B002572D7 /* Base */ = {isa = PBXFileReference; lastKnownFileType = text.plist.strings; name = Base; path = Base.lproj/NewPayInfoView.strings; sourceTree = "<group>"; };
		79C10A631EF9331D002572D7 /* ja */ = {isa = PBXFileReference; lastKnownFileType = text.plist.strings; name = ja; path = ja.lproj/NewPayInfoView.strings; sourceTree = "<group>"; };
		79C10A671EF93644002572D7 /* Base */ = {isa = PBXFileReference; lastKnownFileType = text.plist.strings; name = Base; path = Base.lproj/SettingsView.strings; sourceTree = "<group>"; };
		79C10A691EF93646002572D7 /* ja */ = {isa = PBXFileReference; lastKnownFileType = text.plist.strings; name = ja; path = ja.lproj/SettingsView.strings; sourceTree = "<group>"; };
		79C10A6D1EF93B09002572D7 /* Base */ = {isa = PBXFileReference; lastKnownFileType = text.plist.strings; name = Base; path = Base.lproj/QRCaptureView.strings; sourceTree = "<group>"; };
		79C10A6F1EF93B0B002572D7 /* ja */ = {isa = PBXFileReference; lastKnownFileType = text.plist.strings; name = ja; path = ja.lproj/QRCaptureView.strings; sourceTree = "<group>"; };
		79C10A731EF93C02002572D7 /* Base */ = {isa = PBXFileReference; lastKnownFileType = text.plist.strings; name = Base; path = Base.lproj/FaceCaptureView.strings; sourceTree = "<group>"; };
		79C10A751EF93C04002572D7 /* ja */ = {isa = PBXFileReference; lastKnownFileType = text.plist.strings; name = ja; path = ja.lproj/FaceCaptureView.strings; sourceTree = "<group>"; };
		79C10A791EF93DAA002572D7 /* Base */ = {isa = PBXFileReference; lastKnownFileType = text.plist.strings; name = Base; path = Base.lproj/FaceConfirmView.strings; sourceTree = "<group>"; };
		79C10A7B1EF93DAC002572D7 /* ja */ = {isa = PBXFileReference; lastKnownFileType = text.plist.strings; name = ja; path = ja.lproj/FaceConfirmView.strings; sourceTree = "<group>"; };
		79C10A7F1EF93F69002572D7 /* Base */ = {isa = PBXFileReference; lastKnownFileType = text.plist.strings; name = Base; path = Base.lproj/CompleteView.strings; sourceTree = "<group>"; };
		79C10A811EF93F6A002572D7 /* ja */ = {isa = PBXFileReference; lastKnownFileType = text.plist.strings; name = ja; path = ja.lproj/CompleteView.strings; sourceTree = "<group>"; };
		79C2084B1F6678B700F18693 /* Base */ = {isa = PBXFileReference; lastKnownFileType = text.plist.strings; name = Base; path = Base.lproj/TermsView.strings; sourceTree = "<group>"; };
		79C2084D1F6678ED00F18693 /* ja */ = {isa = PBXFileReference; lastKnownFileType = text.plist.strings; name = ja; path = ja.lproj/TermsView.strings; sourceTree = "<group>"; };
		79D27DA71EF82F8F007B13B9 /* Base */ = {isa = PBXFileReference; lastKnownFileType = text.plist.strings; name = Base; path = Base.lproj/LoginView.strings; sourceTree = "<group>"; };
		79D27DA91EF82F95007B13B9 /* ja */ = {isa = PBXFileReference; lastKnownFileType = text.plist.strings; name = ja; path = ja.lproj/LoginView.strings; sourceTree = "<group>"; };
		79D27DAA1EF830AD007B13B9 /* I18n.swift */ = {isa = PBXFileReference; fileEncoding = 4; lastKnownFileType = sourcecode.swift; path = I18n.swift; sourceTree = "<group>"; };
		79D2F8021F6658B700C07C54 /* TermsViewController.swift */ = {isa = PBXFileReference; fileEncoding = 4; lastKnownFileType = sourcecode.swift; path = TermsViewController.swift; sourceTree = "<group>"; };
		79D2F8041F666CF800C07C54 /* terms_of_use.html */ = {isa = PBXFileReference; fileEncoding = 4; lastKnownFileType = text.html; path = terms_of_use.html; sourceTree = "<group>"; };
		79E0DDF81F2F3DA300048C74 /* StripeClient.swift */ = {isa = PBXFileReference; fileEncoding = 4; lastKnownFileType = sourcecode.swift; path = StripeClient.swift; sourceTree = "<group>"; };
		9A89249BA9F66B00DB162FC4 /* Pods-fespayTests.debug.xcconfig */ = {isa = PBXFileReference; includeInIndex = 1; lastKnownFileType = text.xcconfig; name = "Pods-fespayTests.debug.xcconfig"; path = "Pods/Target Support Files/Pods-fespayTests/Pods-fespayTests.debug.xcconfig"; sourceTree = "<group>"; };
		AE03AA4F153F5CBC6EB5EACC /* Pods-fespayUITests.debug.xcconfig */ = {isa = PBXFileReference; includeInIndex = 1; lastKnownFileType = text.xcconfig; name = "Pods-fespayUITests.debug.xcconfig"; path = "Pods/Target Support Files/Pods-fespayUITests/Pods-fespayUITests.debug.xcconfig"; sourceTree = "<group>"; };
		BD08BB84338C439D8B8B1F83 /* Pods-fespay.debug.xcconfig */ = {isa = PBXFileReference; includeInIndex = 1; lastKnownFileType = text.xcconfig; name = "Pods-fespay.debug.xcconfig"; path = "Pods/Target Support Files/Pods-fespay/Pods-fespay.debug.xcconfig"; sourceTree = "<group>"; };
		FD746A59F60FC17E6889E99C /* Pods-fespayTests.release.xcconfig */ = {isa = PBXFileReference; includeInIndex = 1; lastKnownFileType = text.xcconfig; name = "Pods-fespayTests.release.xcconfig"; path = "Pods/Target Support Files/Pods-fespayTests/Pods-fespayTests.release.xcconfig"; sourceTree = "<group>"; };
/* End PBXFileReference section */

/* Begin PBXFrameworksBuildPhase section */
		458861C41EAB240600FF88C6 /* Frameworks */ = {
			isa = PBXFrameworksBuildPhase;
			buildActionMask = 2147483647;
			files = (
				9B13BEF2BA670F3EC68C38CB /* Pods_fespay.framework in Frameworks */,
			);
			runOnlyForDeploymentPostprocessing = 0;
		};
		458861D81EAB240700FF88C6 /* Frameworks */ = {
			isa = PBXFrameworksBuildPhase;
			buildActionMask = 2147483647;
			files = (
				45D4D24A3D70C8FF03F359B7 /* Pods_fespayTests.framework in Frameworks */,
			);
			runOnlyForDeploymentPostprocessing = 0;
		};
		458861E31EAB240700FF88C6 /* Frameworks */ = {
			isa = PBXFrameworksBuildPhase;
			buildActionMask = 2147483647;
			files = (
				3EE139BF6B2044ECB29089C5 /* Pods_fespayUITests.framework in Frameworks */,
			);
			runOnlyForDeploymentPostprocessing = 0;
		};
/* End PBXFrameworksBuildPhase section */

/* Begin PBXGroup section */
		1FD511B4325A9604AD628EA2 /* Frameworks */ = {
			isa = PBXGroup;
			children = (
				4F69931FBB206E916A638757 /* Pods_fespay.framework */,
				1BCA1D3D59CFA05623DA0AD6 /* Pods_fespayTests.framework */,
				577101B95512F18AAEBF6E13 /* Pods_fespayUITests.framework */,
			);
			name = Frameworks;
			sourceTree = "<group>";
		};
		458861BE1EAB240600FF88C6 = {
			isa = PBXGroup;
			children = (
				458861C91EAB240600FF88C6 /* fespay */,
				458861DE1EAB240700FF88C6 /* fespayTests */,
				458861E91EAB240700FF88C6 /* fespayUITests */,
				458861C81EAB240600FF88C6 /* Products */,
				5CF6E0687B300C0959667A8B /* Pods */,
				1FD511B4325A9604AD628EA2 /* Frameworks */,
			);
			sourceTree = "<group>";
		};
		458861C81EAB240600FF88C6 /* Products */ = {
			isa = PBXGroup;
			children = (
				458861C71EAB240600FF88C6 /* FesPay.app */,
				458861DB1EAB240700FF88C6 /* fespayTests.xctest */,
				458861E61EAB240700FF88C6 /* fespayUITests.xctest */,
			);
			name = Products;
			sourceTree = "<group>";
		};
		458861C91EAB240600FF88C6 /* fespay */ = {
			isa = PBXGroup;
			children = (
				458861CA1EAB240600FF88C6 /* AppDelegate.swift */,
				456467341EE92137001DC574 /* LoginViewController.swift */,
				79D2F8021F6658B700C07C54 /* TermsViewController.swift */,
				455E32DD1EEFAB3C009AC2D3 /* MainTabBarController.swift */,
				456467361EE94E70001DC574 /* PayListViewController.swift */,
				4535C4431EB47E64000C72D6 /* PayInfoTableViewCell.swift */,
				4549EB1B1EEA83CB00C38694 /* AnalyticsViewController.swift */,
				455E32AB1EEE64B7009AC2D3 /* PayDetailViewController.swift */,
				455E32AD1EEE9914009AC2D3 /* SettingsViewController.swift */,
				458861CC1EAB240600FF88C6 /* NewPayInfoViewController.swift */,
				4541625D1EB98B7900DD0F7B /* QRCaptureViewController.swift */,
				4500B3DB1ED80CC3001F8493 /* FaceCaptureViewController.swift */,
				4500B3DD1EDBE868001F8493 /* FaceConfirmViewController.swift */,
				454815961EDC182800A453E4 /* CompleteViewController.swift */,
				79101F621F54234500F14C99 /* LoadingProxy.swift */,
				7976D36F1F205AF80002B877 /* OmiseClient.swift */,
				79E0DDF81F2F3DA300048C74 /* StripeClient.swift */,
				4505F2421EE7A1DF0078605B /* S3Client.swift */,
				456467301EE7C5D6001DC574 /* AzureClient.swift */,
				456467321EE7DED8001DC574 /* FirebaseClient.swift */,
				4535C4471EB482B8000C72D6 /* PayInfo.swift */,
				4505F2401EE688230078605B /* TenantInfo.swift */,
				79D27DAA1EF830AD007B13B9 /* I18n.swift */,
				458861D11EAB240600FF88C6 /* Assets.xcassets */,
				458861CE1EAB240600FF88C6 /* Main.storyboard */,
				458861D31EAB240600FF88C6 /* LaunchScreen.storyboard */,
				79D2F8041F666CF800C07C54 /* terms_of_use.html */,
				79101F681F5C459E00F14C99 /* env.plist */,
				79101F6A1F5C460D00F14C99 /* env-Release.plist */,
				456CDF261EDEA1AB00A01485 /* GoogleService-Info.plist */,
				79101F661F5A5F7700F14C99 /* GoogleService-Info-Release.plist */,
				458861D61EAB240600FF88C6 /* Info.plist */,
				79B8FE2C1EF8208000E6122B /* Localizable.strings */,
				79D27DA81EF82F8F007B13B9 /* LoginView.strings */,
				79C2084C1F6678B700F18693 /* TermsView.strings */,
				79C10A501EF92D03002572D7 /* PayListView.strings */,
				79C10A561EF92F21002572D7 /* AnalyticsView.strings */,
				79C10A5C1EF93115002572D7 /* PayDetailView.strings */,
				79C10A681EF93644002572D7 /* SettingsView.strings */,
				79C10A621EF9331B002572D7 /* NewPayInfoView.strings */,
				79C10A6E1EF93B09002572D7 /* QRCaptureView.strings */,
				79C10A741EF93C02002572D7 /* FaceCaptureView.strings */,
				79C10A7A1EF93DAA002572D7 /* FaceConfirmView.strings */,
				79C10A801EF93F69002572D7 /* CompleteView.strings */,
			);
			path = fespay;
			sourceTree = "<group>";
		};
		458861DE1EAB240700FF88C6 /* fespayTests */ = {
			isa = PBXGroup;
			children = (
				458861DF1EAB240700FF88C6 /* fespayTests.swift */,
				458861E11EAB240700FF88C6 /* Info.plist */,
			);
			path = fespayTests;
			sourceTree = "<group>";
		};
		458861E91EAB240700FF88C6 /* fespayUITests */ = {
			isa = PBXGroup;
			children = (
				458861EA1EAB240700FF88C6 /* fespayUITests.swift */,
				458861EC1EAB240700FF88C6 /* Info.plist */,
			);
			path = fespayUITests;
			sourceTree = "<group>";
		};
		5CF6E0687B300C0959667A8B /* Pods */ = {
			isa = PBXGroup;
			children = (
				BD08BB84338C439D8B8B1F83 /* Pods-fespay.debug.xcconfig */,
				4990684102F33833A6DA7470 /* Pods-fespay.release.xcconfig */,
				9A89249BA9F66B00DB162FC4 /* Pods-fespayTests.debug.xcconfig */,
				FD746A59F60FC17E6889E99C /* Pods-fespayTests.release.xcconfig */,
				AE03AA4F153F5CBC6EB5EACC /* Pods-fespayUITests.debug.xcconfig */,
				6F6ABFCAB042029622833323 /* Pods-fespayUITests.release.xcconfig */,
			);
			name = Pods;
			sourceTree = "<group>";
		};
/* End PBXGroup section */

/* Begin PBXNativeTarget section */
		458861C61EAB240600FF88C6 /* fespay */ = {
			isa = PBXNativeTarget;
			buildConfigurationList = 458861EF1EAB240700FF88C6 /* Build configuration list for PBXNativeTarget "fespay" */;
			buildPhases = (
				4E88CFC8754710CFFCDD9E65 /* [CP] Check Pods Manifest.lock */,
				458861C31EAB240600FF88C6 /* Sources */,
				458861C41EAB240600FF88C6 /* Frameworks */,
				458861C51EAB240600FF88C6 /* Resources */,
				F41C158A80A5F662D21717CE /* [CP] Embed Pods Frameworks */,
				52C3E917A7D29A169C5728B3 /* [CP] Copy Pods Resources */,
			);
			buildRules = (
			);
			dependencies = (
			);
			name = fespay;
			productName = fespay;
			productReference = 458861C71EAB240600FF88C6 /* FesPay.app */;
			productType = "com.apple.product-type.application";
		};
		458861DA1EAB240700FF88C6 /* fespayTests */ = {
			isa = PBXNativeTarget;
			buildConfigurationList = 458861F21EAB240700FF88C6 /* Build configuration list for PBXNativeTarget "fespayTests" */;
			buildPhases = (
				079300044D27CD2F1AE47F14 /* [CP] Check Pods Manifest.lock */,
				458861D71EAB240700FF88C6 /* Sources */,
				458861D81EAB240700FF88C6 /* Frameworks */,
				458861D91EAB240700FF88C6 /* Resources */,
				C0082A82799F9FF39B165706 /* [CP] Embed Pods Frameworks */,
				7685BBFB826A017A16E094BA /* [CP] Copy Pods Resources */,
			);
			buildRules = (
			);
			dependencies = (
				458861DD1EAB240700FF88C6 /* PBXTargetDependency */,
			);
			name = fespayTests;
			productName = fespayTests;
			productReference = 458861DB1EAB240700FF88C6 /* fespayTests.xctest */;
			productType = "com.apple.product-type.bundle.unit-test";
		};
		458861E51EAB240700FF88C6 /* fespayUITests */ = {
			isa = PBXNativeTarget;
			buildConfigurationList = 458861F51EAB240700FF88C6 /* Build configuration list for PBXNativeTarget "fespayUITests" */;
			buildPhases = (
				27BB2219C32202D859BE817E /* [CP] Check Pods Manifest.lock */,
				458861E21EAB240700FF88C6 /* Sources */,
				458861E31EAB240700FF88C6 /* Frameworks */,
				458861E41EAB240700FF88C6 /* Resources */,
				5EEC745B9C9F1CA33DEB4ADF /* [CP] Embed Pods Frameworks */,
				D59EB18DDCF9C784CC570FB7 /* [CP] Copy Pods Resources */,
			);
			buildRules = (
			);
			dependencies = (
				458861E81EAB240700FF88C6 /* PBXTargetDependency */,
			);
			name = fespayUITests;
			productName = fespayUITests;
			productReference = 458861E61EAB240700FF88C6 /* fespayUITests.xctest */;
			productType = "com.apple.product-type.bundle.ui-testing";
		};
/* End PBXNativeTarget section */

/* Begin PBXProject section */
		458861BF1EAB240600FF88C6 /* Project object */ = {
			isa = PBXProject;
			attributes = {
				LastSwiftUpdateCheck = 0830;
				LastUpgradeCheck = 0830;
				ORGANIZATIONNAME = KakimotoShizuka;
				TargetAttributes = {
					458861C61EAB240600FF88C6 = {
						CreatedOnToolsVersion = 8.3.2;
						DevelopmentTeam = J4476N235N;
						ProvisioningStyle = Automatic;
					};
					458861DA1EAB240700FF88C6 = {
						CreatedOnToolsVersion = 8.3.2;
						ProvisioningStyle = Automatic;
						TestTargetID = 458861C61EAB240600FF88C6;
					};
					458861E51EAB240700FF88C6 = {
						CreatedOnToolsVersion = 8.3.2;
						ProvisioningStyle = Automatic;
						TestTargetID = 458861C61EAB240600FF88C6;
					};
				};
			};
			buildConfigurationList = 458861C21EAB240600FF88C6 /* Build configuration list for PBXProject "fespay" */;
			compatibilityVersion = "Xcode 3.2";
			developmentRegion = English;
			hasScannedForEncodings = 0;
			knownRegions = (
				en,
				Base,
				ja,
			);
			mainGroup = 458861BE1EAB240600FF88C6;
			productRefGroup = 458861C81EAB240600FF88C6 /* Products */;
			projectDirPath = "";
			projectRoot = "";
			targets = (
				458861C61EAB240600FF88C6 /* fespay */,
				458861DA1EAB240700FF88C6 /* fespayTests */,
				458861E51EAB240700FF88C6 /* fespayUITests */,
			);
		};
/* End PBXProject section */

/* Begin PBXResourcesBuildPhase section */
		458861C51EAB240600FF88C6 /* Resources */ = {
			isa = PBXResourcesBuildPhase;
			buildActionMask = 2147483647;
			files = (
				79C10A721EF93C02002572D7 /* FaceCaptureView.strings in Resources */,
				79C10A541EF92F21002572D7 /* AnalyticsView.strings in Resources */,
				79B8FE2A1EF8208000E6122B /* Localizable.strings in Resources */,
				79C10A5A1EF93115002572D7 /* PayDetailView.strings in Resources */,
				79101F6B1F5C460D00F14C99 /* env-Release.plist in Resources */,
				458861D51EAB240600FF88C6 /* LaunchScreen.storyboard in Resources */,
				456CDF271EDEA1AB00A01485 /* GoogleService-Info.plist in Resources */,
				79C2084A1F6678B700F18693 /* TermsView.strings in Resources */,
				79C10A4E1EF92D03002572D7 /* PayListView.strings in Resources */,
				79D27DA61EF82F8F007B13B9 /* LoginView.strings in Resources */,
				79C10A601EF9331B002572D7 /* NewPayInfoView.strings in Resources */,
				79D2F8051F666CF800C07C54 /* terms_of_use.html in Resources */,
				79101F691F5C459E00F14C99 /* env.plist in Resources */,
				79C10A661EF93644002572D7 /* SettingsView.strings in Resources */,
				458861D21EAB240600FF88C6 /* Assets.xcassets in Resources */,
				79C10A781EF93DAA002572D7 /* FaceConfirmView.strings in Resources */,
				458861D01EAB240600FF88C6 /* Main.storyboard in Resources */,
				79C10A7E1EF93F69002572D7 /* CompleteView.strings in Resources */,
				79101F671F5A5F7700F14C99 /* GoogleService-Info-Release.plist in Resources */,
				79C10A6C1EF93B09002572D7 /* QRCaptureView.strings in Resources */,
			);
			runOnlyForDeploymentPostprocessing = 0;
		};
		458861D91EAB240700FF88C6 /* Resources */ = {
			isa = PBXResourcesBuildPhase;
			buildActionMask = 2147483647;
			files = (
				456CDF281EDEA1AB00A01485 /* GoogleService-Info.plist in Resources */,
			);
			runOnlyForDeploymentPostprocessing = 0;
		};
		458861E41EAB240700FF88C6 /* Resources */ = {
			isa = PBXResourcesBuildPhase;
			buildActionMask = 2147483647;
			files = (
				456CDF291EDEA1AB00A01485 /* GoogleService-Info.plist in Resources */,
			);
			runOnlyForDeploymentPostprocessing = 0;
		};
/* End PBXResourcesBuildPhase section */

/* Begin PBXShellScriptBuildPhase section */
		079300044D27CD2F1AE47F14 /* [CP] Check Pods Manifest.lock */ = {
			isa = PBXShellScriptBuildPhase;
			buildActionMask = 2147483647;
			files = (
			);
			inputPaths = (
			);
			name = "[CP] Check Pods Manifest.lock";
			outputPaths = (
			);
			runOnlyForDeploymentPostprocessing = 0;
			shellPath = /bin/sh;
			shellScript = "diff \"${PODS_PODFILE_DIR_PATH}/Podfile.lock\" \"${PODS_ROOT}/Manifest.lock\" > /dev/null\nif [ $? != 0 ] ; then\n    # print error to STDERR\n    echo \"error: The sandbox is not in sync with the Podfile.lock. Run 'pod install' or update your CocoaPods installation.\" >&2\n    exit 1\nfi\n";
			showEnvVarsInLog = 0;
		};
		27BB2219C32202D859BE817E /* [CP] Check Pods Manifest.lock */ = {
			isa = PBXShellScriptBuildPhase;
			buildActionMask = 2147483647;
			files = (
			);
			inputPaths = (
			);
			name = "[CP] Check Pods Manifest.lock";
			outputPaths = (
			);
			runOnlyForDeploymentPostprocessing = 0;
			shellPath = /bin/sh;
			shellScript = "diff \"${PODS_PODFILE_DIR_PATH}/Podfile.lock\" \"${PODS_ROOT}/Manifest.lock\" > /dev/null\nif [ $? != 0 ] ; then\n    # print error to STDERR\n    echo \"error: The sandbox is not in sync with the Podfile.lock. Run 'pod install' or update your CocoaPods installation.\" >&2\n    exit 1\nfi\n";
			showEnvVarsInLog = 0;
		};
		4E88CFC8754710CFFCDD9E65 /* [CP] Check Pods Manifest.lock */ = {
			isa = PBXShellScriptBuildPhase;
			buildActionMask = 2147483647;
			files = (
			);
			inputPaths = (
			);
			name = "[CP] Check Pods Manifest.lock";
			outputPaths = (
			);
			runOnlyForDeploymentPostprocessing = 0;
			shellPath = /bin/sh;
			shellScript = "diff \"${PODS_PODFILE_DIR_PATH}/Podfile.lock\" \"${PODS_ROOT}/Manifest.lock\" > /dev/null\nif [ $? != 0 ] ; then\n    # print error to STDERR\n    echo \"error: The sandbox is not in sync with the Podfile.lock. Run 'pod install' or update your CocoaPods installation.\" >&2\n    exit 1\nfi\n";
			showEnvVarsInLog = 0;
		};
		52C3E917A7D29A169C5728B3 /* [CP] Copy Pods Resources */ = {
			isa = PBXShellScriptBuildPhase;
			buildActionMask = 2147483647;
			files = (
			);
			inputPaths = (
			);
			name = "[CP] Copy Pods Resources";
			outputPaths = (
			);
			runOnlyForDeploymentPostprocessing = 0;
			shellPath = /bin/sh;
			shellScript = "\"${SRCROOT}/Pods/Target Support Files/Pods-fespay/Pods-fespay-resources.sh\"\n";
			showEnvVarsInLog = 0;
		};
		5EEC745B9C9F1CA33DEB4ADF /* [CP] Embed Pods Frameworks */ = {
			isa = PBXShellScriptBuildPhase;
			buildActionMask = 2147483647;
			files = (
			);
			inputPaths = (
			);
			name = "[CP] Embed Pods Frameworks";
			outputPaths = (
			);
			runOnlyForDeploymentPostprocessing = 0;
			shellPath = /bin/sh;
			shellScript = "\"${SRCROOT}/Pods/Target Support Files/Pods-fespayUITests/Pods-fespayUITests-frameworks.sh\"\n";
			showEnvVarsInLog = 0;
		};
		7685BBFB826A017A16E094BA /* [CP] Copy Pods Resources */ = {
			isa = PBXShellScriptBuildPhase;
			buildActionMask = 2147483647;
			files = (
			);
			inputPaths = (
			);
			name = "[CP] Copy Pods Resources";
			outputPaths = (
			);
			runOnlyForDeploymentPostprocessing = 0;
			shellPath = /bin/sh;
			shellScript = "\"${SRCROOT}/Pods/Target Support Files/Pods-fespayTests/Pods-fespayTests-resources.sh\"\n";
			showEnvVarsInLog = 0;
		};
		C0082A82799F9FF39B165706 /* [CP] Embed Pods Frameworks */ = {
			isa = PBXShellScriptBuildPhase;
			buildActionMask = 2147483647;
			files = (
			);
			inputPaths = (
			);
			name = "[CP] Embed Pods Frameworks";
			outputPaths = (
			);
			runOnlyForDeploymentPostprocessing = 0;
			shellPath = /bin/sh;
			shellScript = "\"${SRCROOT}/Pods/Target Support Files/Pods-fespayTests/Pods-fespayTests-frameworks.sh\"\n";
			showEnvVarsInLog = 0;
		};
		D59EB18DDCF9C784CC570FB7 /* [CP] Copy Pods Resources */ = {
			isa = PBXShellScriptBuildPhase;
			buildActionMask = 2147483647;
			files = (
			);
			inputPaths = (
			);
			name = "[CP] Copy Pods Resources";
			outputPaths = (
			);
			runOnlyForDeploymentPostprocessing = 0;
			shellPath = /bin/sh;
			shellScript = "\"${SRCROOT}/Pods/Target Support Files/Pods-fespayUITests/Pods-fespayUITests-resources.sh\"\n";
			showEnvVarsInLog = 0;
		};
		F41C158A80A5F662D21717CE /* [CP] Embed Pods Frameworks */ = {
			isa = PBXShellScriptBuildPhase;
			buildActionMask = 2147483647;
			files = (
			);
			inputPaths = (
			);
			name = "[CP] Embed Pods Frameworks";
			outputPaths = (
			);
			runOnlyForDeploymentPostprocessing = 0;
			shellPath = /bin/sh;
			shellScript = "\"${SRCROOT}/Pods/Target Support Files/Pods-fespay/Pods-fespay-frameworks.sh\"\n";
			showEnvVarsInLog = 0;
		};
/* End PBXShellScriptBuildPhase section */

/* Begin PBXSourcesBuildPhase section */
		458861C31EAB240600FF88C6 /* Sources */ = {
			isa = PBXSourcesBuildPhase;
			buildActionMask = 2147483647;
			files = (
				456467311EE7C5D6001DC574 /* AzureClient.swift in Sources */,
				79D27DAB1EF830AD007B13B9 /* I18n.swift in Sources */,
				4535C4481EB482B8000C72D6 /* PayInfo.swift in Sources */,
				79101F631F54234500F14C99 /* LoadingProxy.swift in Sources */,
				456467331EE7DED8001DC574 /* FirebaseClient.swift in Sources */,
				79E0DDF91F2F3DA300048C74 /* StripeClient.swift in Sources */,
				455E32AE1EEE9915009AC2D3 /* SettingsViewController.swift in Sources */,
				4505F2411EE688230078605B /* TenantInfo.swift in Sources */,
				454815971EDC182900A453E4 /* CompleteViewController.swift in Sources */,
				4500B3DE1EDBE868001F8493 /* FaceConfirmViewController.swift in Sources */,
				458861CD1EAB240600FF88C6 /* NewPayInfoViewController.swift in Sources */,
				455E32AC1EEE64B7009AC2D3 /* PayDetailViewController.swift in Sources */,
				456467371EE94E70001DC574 /* PayListViewController.swift in Sources */,
				458861CB1EAB240600FF88C6 /* AppDelegate.swift in Sources */,
				7976D3701F205AF80002B877 /* OmiseClient.swift in Sources */,
				79D2F8031F6658B700C07C54 /* TermsViewController.swift in Sources */,
				4541625E1EB98B7900DD0F7B /* QRCaptureViewController.swift in Sources */,
				456467351EE92137001DC574 /* LoginViewController.swift in Sources */,
				4535C4441EB47E64000C72D6 /* PayInfoTableViewCell.swift in Sources */,
				455E32DE1EEFAB3C009AC2D3 /* MainTabBarController.swift in Sources */,
				4500B3DC1ED80CC3001F8493 /* FaceCaptureViewController.swift in Sources */,
				4505F2431EE7A1DF0078605B /* S3Client.swift in Sources */,
				4549EB1C1EEA83CB00C38694 /* AnalyticsViewController.swift in Sources */,
			);
			runOnlyForDeploymentPostprocessing = 0;
		};
		458861D71EAB240700FF88C6 /* Sources */ = {
			isa = PBXSourcesBuildPhase;
			buildActionMask = 2147483647;
			files = (
				458861E01EAB240700FF88C6 /* fespayTests.swift in Sources */,
			);
			runOnlyForDeploymentPostprocessing = 0;
		};
		458861E21EAB240700FF88C6 /* Sources */ = {
			isa = PBXSourcesBuildPhase;
			buildActionMask = 2147483647;
			files = (
				458861EB1EAB240700FF88C6 /* fespayUITests.swift in Sources */,
			);
			runOnlyForDeploymentPostprocessing = 0;
		};
/* End PBXSourcesBuildPhase section */

/* Begin PBXTargetDependency section */
		458861DD1EAB240700FF88C6 /* PBXTargetDependency */ = {
			isa = PBXTargetDependency;
			target = 458861C61EAB240600FF88C6 /* fespay */;
			targetProxy = 458861DC1EAB240700FF88C6 /* PBXContainerItemProxy */;
		};
		458861E81EAB240700FF88C6 /* PBXTargetDependency */ = {
			isa = PBXTargetDependency;
			target = 458861C61EAB240600FF88C6 /* fespay */;
			targetProxy = 458861E71EAB240700FF88C6 /* PBXContainerItemProxy */;
		};
/* End PBXTargetDependency section */

/* Begin PBXVariantGroup section */
		458861CE1EAB240600FF88C6 /* Main.storyboard */ = {
			isa = PBXVariantGroup;
			children = (
				458861CF1EAB240600FF88C6 /* Base */,
			);
			name = Main.storyboard;
			sourceTree = "<group>";
		};
		458861D31EAB240600FF88C6 /* LaunchScreen.storyboard */ = {
			isa = PBXVariantGroup;
			children = (
				458861D41EAB240600FF88C6 /* Base */,
			);
			name = LaunchScreen.storyboard;
			sourceTree = "<group>";
		};
		79B8FE2C1EF8208000E6122B /* Localizable.strings */ = {
			isa = PBXVariantGroup;
			children = (
				79B8FE2B1EF8208000E6122B /* Base */,
				79B8FE2D1EF8209D00E6122B /* ja */,
			);
			name = Localizable.strings;
			path = ..;
			sourceTree = "<group>";
		};
		79C10A501EF92D03002572D7 /* PayListView.strings */ = {
			isa = PBXVariantGroup;
			children = (
				79C10A4F1EF92D03002572D7 /* Base */,
				79C10A511EF92D07002572D7 /* ja */,
			);
			name = PayListView.strings;
			sourceTree = "<group>";
		};
		79C10A561EF92F21002572D7 /* AnalyticsView.strings */ = {
			isa = PBXVariantGroup;
			children = (
				79C10A551EF92F21002572D7 /* Base */,
				79C10A571EF92F23002572D7 /* ja */,
			);
			name = AnalyticsView.strings;
			sourceTree = "<group>";
		};
		79C10A5C1EF93115002572D7 /* PayDetailView.strings */ = {
			isa = PBXVariantGroup;
			children = (
				79C10A5B1EF93115002572D7 /* Base */,
				79C10A5D1EF93117002572D7 /* ja */,
			);
			name = PayDetailView.strings;
			sourceTree = "<group>";
		};
		79C10A621EF9331B002572D7 /* NewPayInfoView.strings */ = {
			isa = PBXVariantGroup;
			children = (
				79C10A611EF9331B002572D7 /* Base */,
				79C10A631EF9331D002572D7 /* ja */,
			);
			name = NewPayInfoView.strings;
			sourceTree = "<group>";
		};
		79C10A681EF93644002572D7 /* SettingsView.strings */ = {
			isa = PBXVariantGroup;
			children = (
				79C10A671EF93644002572D7 /* Base */,
				79C10A691EF93646002572D7 /* ja */,
			);
			name = SettingsView.strings;
			sourceTree = "<group>";
		};
		79C10A6E1EF93B09002572D7 /* QRCaptureView.strings */ = {
			isa = PBXVariantGroup;
			children = (
				79C10A6D1EF93B09002572D7 /* Base */,
				79C10A6F1EF93B0B002572D7 /* ja */,
			);
			name = QRCaptureView.strings;
			sourceTree = "<group>";
		};
		79C10A741EF93C02002572D7 /* FaceCaptureView.strings */ = {
			isa = PBXVariantGroup;
			children = (
				79C10A731EF93C02002572D7 /* Base */,
				79C10A751EF93C04002572D7 /* ja */,
			);
			name = FaceCaptureView.strings;
			sourceTree = "<group>";
		};
		79C10A7A1EF93DAA002572D7 /* FaceConfirmView.strings */ = {
			isa = PBXVariantGroup;
			children = (
				79C10A791EF93DAA002572D7 /* Base */,
				79C10A7B1EF93DAC002572D7 /* ja */,
			);
			name = FaceConfirmView.strings;
			sourceTree = "<group>";
		};
		79C10A801EF93F69002572D7 /* CompleteView.strings */ = {
			isa = PBXVariantGroup;
			children = (
				79C10A7F1EF93F69002572D7 /* Base */,
				79C10A811EF93F6A002572D7 /* ja */,
			);
			name = CompleteView.strings;
			sourceTree = "<group>";
		};
		79C2084C1F6678B700F18693 /* TermsView.strings */ = {
			isa = PBXVariantGroup;
			children = (
				79C2084B1F6678B700F18693 /* Base */,
				79C2084D1F6678ED00F18693 /* ja */,
			);
			name = TermsView.strings;
			sourceTree = "<group>";
		};
		79D27DA81EF82F8F007B13B9 /* LoginView.strings */ = {
			isa = PBXVariantGroup;
			children = (
				79D27DA71EF82F8F007B13B9 /* Base */,
				79D27DA91EF82F95007B13B9 /* ja */,
			);
			name = LoginView.strings;
			sourceTree = "<group>";
		};
/* End PBXVariantGroup section */

/* Begin XCBuildConfiguration section */
		458861ED1EAB240700FF88C6 /* Debug */ = {
			isa = XCBuildConfiguration;
			buildSettings = {
				ALWAYS_SEARCH_USER_PATHS = NO;
				CLANG_ANALYZER_LOCALIZABILITY_NONLOCALIZED = YES;
				CLANG_ANALYZER_NONNULL = YES;
				CLANG_ANALYZER_NUMBER_OBJECT_CONVERSION = YES_AGGRESSIVE;
				CLANG_CXX_LANGUAGE_STANDARD = "gnu++0x";
				CLANG_CXX_LIBRARY = "libc++";
				CLANG_ENABLE_MODULES = YES;
				CLANG_ENABLE_OBJC_ARC = YES;
				CLANG_WARN_BOOL_CONVERSION = YES;
				CLANG_WARN_CONSTANT_CONVERSION = YES;
				CLANG_WARN_DIRECT_OBJC_ISA_USAGE = YES_ERROR;
				CLANG_WARN_DOCUMENTATION_COMMENTS = YES;
				CLANG_WARN_EMPTY_BODY = YES;
				CLANG_WARN_ENUM_CONVERSION = YES;
				CLANG_WARN_INFINITE_RECURSION = YES;
				CLANG_WARN_INT_CONVERSION = YES;
				CLANG_WARN_OBJC_ROOT_CLASS = YES_ERROR;
				CLANG_WARN_SUSPICIOUS_MOVE = YES;
				CLANG_WARN_UNREACHABLE_CODE = YES;
				CLANG_WARN__DUPLICATE_METHOD_MATCH = YES;
				"CODE_SIGN_IDENTITY[sdk=iphoneos*]" = "iPhone Developer";
				COPY_PHASE_STRIP = NO;
				DEBUG_INFORMATION_FORMAT = dwarf;
				ENABLE_STRICT_OBJC_MSGSEND = YES;
				ENABLE_TESTABILITY = YES;
				ENV_FILE_NAME = env;
				GCC_C_LANGUAGE_STANDARD = gnu99;
				GCC_DYNAMIC_NO_PIC = NO;
				GCC_NO_COMMON_BLOCKS = YES;
				GCC_OPTIMIZATION_LEVEL = 0;
				GCC_PREPROCESSOR_DEFINITIONS = (
					"DEBUG=1",
					"$(inherited)",
				);
				GCC_WARN_64_TO_32_BIT_CONVERSION = YES;
				GCC_WARN_ABOUT_RETURN_TYPE = YES_ERROR;
				GCC_WARN_UNDECLARED_SELECTOR = YES;
				GCC_WARN_UNINITIALIZED_AUTOS = YES_AGGRESSIVE;
				GCC_WARN_UNUSED_FUNCTION = YES;
				GCC_WARN_UNUSED_VARIABLE = YES;
				IPHONEOS_DEPLOYMENT_TARGET = 10.3;
				MTL_ENABLE_DEBUG_INFO = YES;
				ONLY_ACTIVE_ARCH = YES;
				SDKROOT = iphoneos;
				SWIFT_ACTIVE_COMPILATION_CONDITIONS = DEBUG;
				SWIFT_OPTIMIZATION_LEVEL = "-Onone";
			};
			name = Debug;
		};
		458861EE1EAB240700FF88C6 /* Release */ = {
			isa = XCBuildConfiguration;
			buildSettings = {
				ALWAYS_SEARCH_USER_PATHS = NO;
				CLANG_ANALYZER_LOCALIZABILITY_NONLOCALIZED = YES;
				CLANG_ANALYZER_NONNULL = YES;
				CLANG_ANALYZER_NUMBER_OBJECT_CONVERSION = YES_AGGRESSIVE;
				CLANG_CXX_LANGUAGE_STANDARD = "gnu++0x";
				CLANG_CXX_LIBRARY = "libc++";
				CLANG_ENABLE_MODULES = YES;
				CLANG_ENABLE_OBJC_ARC = YES;
				CLANG_WARN_BOOL_CONVERSION = YES;
				CLANG_WARN_CONSTANT_CONVERSION = YES;
				CLANG_WARN_DIRECT_OBJC_ISA_USAGE = YES_ERROR;
				CLANG_WARN_DOCUMENTATION_COMMENTS = YES;
				CLANG_WARN_EMPTY_BODY = YES;
				CLANG_WARN_ENUM_CONVERSION = YES;
				CLANG_WARN_INFINITE_RECURSION = YES;
				CLANG_WARN_INT_CONVERSION = YES;
				CLANG_WARN_OBJC_ROOT_CLASS = YES_ERROR;
				CLANG_WARN_SUSPICIOUS_MOVE = YES;
				CLANG_WARN_UNREACHABLE_CODE = YES;
				CLANG_WARN__DUPLICATE_METHOD_MATCH = YES;
				"CODE_SIGN_IDENTITY[sdk=iphoneos*]" = "iPhone Developer";
				COPY_PHASE_STRIP = NO;
				DEBUG_INFORMATION_FORMAT = "dwarf-with-dsym";
				ENABLE_NS_ASSERTIONS = NO;
				ENABLE_STRICT_OBJC_MSGSEND = YES;
				ENV_FILE_NAME = "env-Release";
				GCC_C_LANGUAGE_STANDARD = gnu99;
				GCC_NO_COMMON_BLOCKS = YES;
				GCC_WARN_64_TO_32_BIT_CONVERSION = YES;
				GCC_WARN_ABOUT_RETURN_TYPE = YES_ERROR;
				GCC_WARN_UNDECLARED_SELECTOR = YES;
				GCC_WARN_UNINITIALIZED_AUTOS = YES_AGGRESSIVE;
				GCC_WARN_UNUSED_FUNCTION = YES;
				GCC_WARN_UNUSED_VARIABLE = YES;
				IPHONEOS_DEPLOYMENT_TARGET = 10.3;
				MTL_ENABLE_DEBUG_INFO = NO;
				SDKROOT = iphoneos;
				SWIFT_OPTIMIZATION_LEVEL = "-Owholemodule";
				VALIDATE_PRODUCT = YES;
			};
			name = Release;
		};
		458861F01EAB240700FF88C6 /* Debug */ = {
			isa = XCBuildConfiguration;
			baseConfigurationReference = BD08BB84338C439D8B8B1F83 /* Pods-fespay.debug.xcconfig */;
			buildSettings = {
				ASSETCATALOG_COMPILER_APPICON_NAME = AppIcon;
				DEVELOPMENT_TEAM = J4476N235N;
				INFOPLIST_FILE = fespay/Info.plist;
				LD_RUNPATH_SEARCH_PATHS = "$(inherited) @executable_path/Frameworks";
				PRODUCT_BUNDLE_IDENTIFIER = io.fespay.app.tenant;
				PRODUCT_NAME = FesPay;
				SWIFT_VERSION = 3.0;
			};
			name = Debug;
		};
		458861F11EAB240700FF88C6 /* Release */ = {
			isa = XCBuildConfiguration;
			baseConfigurationReference = 4990684102F33833A6DA7470 /* Pods-fespay.release.xcconfig */;
			buildSettings = {
				ASSETCATALOG_COMPILER_APPICON_NAME = AppIcon;
				DEVELOPMENT_TEAM = J4476N235N;
				INFOPLIST_FILE = fespay/Info.plist;
				LD_RUNPATH_SEARCH_PATHS = "$(inherited) @executable_path/Frameworks";
				PRODUCT_BUNDLE_IDENTIFIER = io.fespay.app.tenant;
				PRODUCT_NAME = FesPay;
				SWIFT_VERSION = 3.0;
			};
			name = Release;
		};
		458861F31EAB240700FF88C6 /* Debug */ = {
			isa = XCBuildConfiguration;
			baseConfigurationReference = 9A89249BA9F66B00DB162FC4 /* Pods-fespayTests.debug.xcconfig */;
			buildSettings = {
				ALWAYS_EMBED_SWIFT_STANDARD_LIBRARIES = YES;
				BUNDLE_LOADER = "$(TEST_HOST)";
				INFOPLIST_FILE = fespayTests/Info.plist;
				LD_RUNPATH_SEARCH_PATHS = "$(inherited) @executable_path/Frameworks @loader_path/Frameworks";
				PRODUCT_BUNDLE_IDENTIFIER = jp.co.affectry.fespayTests;
				PRODUCT_NAME = "$(TARGET_NAME)";
				SWIFT_VERSION = 3.0;
				TEST_HOST = "$(BUILT_PRODUCTS_DIR)/fespay.app/fespay";
			};
			name = Debug;
		};
		458861F41EAB240700FF88C6 /* Release */ = {
			isa = XCBuildConfiguration;
			baseConfigurationReference = FD746A59F60FC17E6889E99C /* Pods-fespayTests.release.xcconfig */;
			buildSettings = {
				ALWAYS_EMBED_SWIFT_STANDARD_LIBRARIES = YES;
				BUNDLE_LOADER = "$(TEST_HOST)";
				INFOPLIST_FILE = fespayTests/Info.plist;
				LD_RUNPATH_SEARCH_PATHS = "$(inherited) @executable_path/Frameworks @loader_path/Frameworks";
				PRODUCT_BUNDLE_IDENTIFIER = jp.co.affectry.fespayTests;
				PRODUCT_NAME = "$(TARGET_NAME)";
				SWIFT_VERSION = 3.0;
				TEST_HOST = "$(BUILT_PRODUCTS_DIR)/fespay.app/fespay";
			};
			name = Release;
		};
		458861F61EAB240700FF88C6 /* Debug */ = {
			isa = XCBuildConfiguration;
			baseConfigurationReference = AE03AA4F153F5CBC6EB5EACC /* Pods-fespayUITests.debug.xcconfig */;
			buildSettings = {
				ALWAYS_EMBED_SWIFT_STANDARD_LIBRARIES = YES;
				INFOPLIST_FILE = fespayUITests/Info.plist;
				LD_RUNPATH_SEARCH_PATHS = "$(inherited) @executable_path/Frameworks @loader_path/Frameworks";
				PRODUCT_BUNDLE_IDENTIFIER = jp.co.affectry.fespayUITests;
				PRODUCT_NAME = "$(TARGET_NAME)";
				SWIFT_VERSION = 3.0;
				TEST_TARGET_NAME = fespay;
			};
			name = Debug;
		};
		458861F71EAB240700FF88C6 /* Release */ = {
			isa = XCBuildConfiguration;
			baseConfigurationReference = 6F6ABFCAB042029622833323 /* Pods-fespayUITests.release.xcconfig */;
			buildSettings = {
				ALWAYS_EMBED_SWIFT_STANDARD_LIBRARIES = YES;
				INFOPLIST_FILE = fespayUITests/Info.plist;
				LD_RUNPATH_SEARCH_PATHS = "$(inherited) @executable_path/Frameworks @loader_path/Frameworks";
				PRODUCT_BUNDLE_IDENTIFIER = jp.co.affectry.fespayUITests;
				PRODUCT_NAME = "$(TARGET_NAME)";
				SWIFT_VERSION = 3.0;
				TEST_TARGET_NAME = fespay;
			};
			name = Release;
		};
/* End XCBuildConfiguration section */

/* Begin XCConfigurationList section */
		458861C21EAB240600FF88C6 /* Build configuration list for PBXProject "fespay" */ = {
			isa = XCConfigurationList;
			buildConfigurations = (
				458861ED1EAB240700FF88C6 /* Debug */,
				458861EE1EAB240700FF88C6 /* Release */,
			);
			defaultConfigurationIsVisible = 0;
			defaultConfigurationName = Release;
		};
		458861EF1EAB240700FF88C6 /* Build configuration list for PBXNativeTarget "fespay" */ = {
			isa = XCConfigurationList;
			buildConfigurations = (
				458861F01EAB240700FF88C6 /* Debug */,
				458861F11EAB240700FF88C6 /* Release */,
			);
			defaultConfigurationIsVisible = 0;
			defaultConfigurationName = Release;
		};
		458861F21EAB240700FF88C6 /* Build configuration list for PBXNativeTarget "fespayTests" */ = {
			isa = XCConfigurationList;
			buildConfigurations = (
				458861F31EAB240700FF88C6 /* Debug */,
				458861F41EAB240700FF88C6 /* Release */,
			);
			defaultConfigurationIsVisible = 0;
			defaultConfigurationName = Release;
		};
		458861F51EAB240700FF88C6 /* Build configuration list for PBXNativeTarget "fespayUITests" */ = {
			isa = XCConfigurationList;
			buildConfigurations = (
				458861F61EAB240700FF88C6 /* Debug */,
				458861F71EAB240700FF88C6 /* Release */,
			);
			defaultConfigurationIsVisible = 0;
			defaultConfigurationName = Release;
		};
/* End XCConfigurationList section */
	};
	rootObject = 458861BF1EAB240600FF88C6 /* Project object */;
}
